// !$*UTF8*$!
{
	archiveVersion = 1;
	classes = {
	};
	objectVersion = 46;
	objects = {

/* Begin PBXBuildFile section */
		A56A4F571D4906FC00A50483 /* AppDelegate.swift in Sources */ = {isa = PBXBuildFile; fileRef = A56A4F561D4906FC00A50483 /* AppDelegate.swift */; };
		A56A4F591D4906FC00A50483 /* ViewController.swift in Sources */ = {isa = PBXBuildFile; fileRef = A56A4F581D4906FC00A50483 /* ViewController.swift */; };
		A56A4F5C1D4906FC00A50483 /* Main.storyboard in Resources */ = {isa = PBXBuildFile; fileRef = A56A4F5A1D4906FC00A50483 /* Main.storyboard */; };
		A56A4F5F1D4906FC00A50483 /* LiveCourse.xcdatamodeld in Sources */ = {isa = PBXBuildFile; fileRef = A56A4F5D1D4906FC00A50483 /* LiveCourse.xcdatamodeld */; };
		A56A4F611D4906FC00A50483 /* Assets.xcassets in Resources */ = {isa = PBXBuildFile; fileRef = A56A4F601D4906FC00A50483 /* Assets.xcassets */; };
		A56A4F641D4906FC00A50483 /* LaunchScreen.storyboard in Resources */ = {isa = PBXBuildFile; fileRef = A56A4F621D4906FC00A50483 /* LaunchScreen.storyboard */; };
		A56A4F6C1D4A75DA00A50483 /* init_bg@2x.png in Resources */ = {isa = PBXBuildFile; fileRef = A56A4F6B1D4A75DA00A50483 /* init_bg@2x.png */; };
		A56A4F701D4A774200A50483 /* start button@2x.png in Resources */ = {isa = PBXBuildFile; fileRef = A56A4F6F1D4A774200A50483 /* start button@2x.png */; };
		A56A4F741D4A7ADA00A50483 /* LoginController.swift in Sources */ = {isa = PBXBuildFile; fileRef = A56A4F731D4A7ADA00A50483 /* LoginController.swift */; };
		FF11FCEE1D4A528D00D70316 /* initial@1x.png in Resources */ = {isa = PBXBuildFile; fileRef = FF11FCEB1D4A528D00D70316 /* initial@1x.png */; };
		FF11FCEF1D4A528D00D70316 /* initial@2x.png in Resources */ = {isa = PBXBuildFile; fileRef = FF11FCEC1D4A528D00D70316 /* initial@2x.png */; };
		FF11FCF01D4A528D00D70316 /* start page@2x.png in Resources */ = {isa = PBXBuildFile; fileRef = FF11FCED1D4A528D00D70316 /* start page@2x.png */; };
/* End PBXBuildFile section */

/* Begin PBXFileReference section */
		A56A4F531D4906FC00A50483 /* LiveCourse.app */ = {isa = PBXFileReference; explicitFileType = wrapper.application; includeInIndex = 0; path = LiveCourse.app; sourceTree = BUILT_PRODUCTS_DIR; };
		A56A4F561D4906FC00A50483 /* AppDelegate.swift */ = {isa = PBXFileReference; lastKnownFileType = sourcecode.swift; path = AppDelegate.swift; sourceTree = "<group>"; };
		A56A4F581D4906FC00A50483 /* ViewController.swift */ = {isa = PBXFileReference; lastKnownFileType = sourcecode.swift; path = ViewController.swift; sourceTree = "<group>"; };
		A56A4F5B1D4906FC00A50483 /* Base */ = {isa = PBXFileReference; lastKnownFileType = file.storyboard; name = Base; path = Base.lproj/Main.storyboard; sourceTree = "<group>"; };
		A56A4F5E1D4906FC00A50483 /* LiveCourse.xcdatamodel */ = {isa = PBXFileReference; lastKnownFileType = wrapper.xcdatamodel; path = LiveCourse.xcdatamodel; sourceTree = "<group>"; };
		A56A4F601D4906FC00A50483 /* Assets.xcassets */ = {isa = PBXFileReference; lastKnownFileType = folder.assetcatalog; path = Assets.xcassets; sourceTree = "<group>"; };
		A56A4F631D4906FC00A50483 /* Base */ = {isa = PBXFileReference; lastKnownFileType = file.storyboard; name = Base; path = Base.lproj/LaunchScreen.storyboard; sourceTree = "<group>"; };
		A56A4F651D4906FC00A50483 /* Info.plist */ = {isa = PBXFileReference; lastKnownFileType = text.plist.xml; path = Info.plist; sourceTree = "<group>"; };
		A56A4F6B1D4A75DA00A50483 /* init_bg@2x.png */ = {isa = PBXFileReference; lastKnownFileType = image.png; path = "init_bg@2x.png"; sourceTree = "<group>"; };
		A56A4F6F1D4A774200A50483 /* start button@2x.png */ = {isa = PBXFileReference; lastKnownFileType = image.png; path = "start button@2x.png"; sourceTree = "<group>"; };
		A56A4F731D4A7ADA00A50483 /* LoginController.swift */ = {isa = PBXFileReference; fileEncoding = 4; lastKnownFileType = sourcecode.swift; path = LoginController.swift; sourceTree = "<group>"; };
		FF11FCEB1D4A528D00D70316 /* initial@1x.png */ = {isa = PBXFileReference; lastKnownFileType = image.png; path = "initial@1x.png"; sourceTree = "<group>"; };
		FF11FCEC1D4A528D00D70316 /* initial@2x.png */ = {isa = PBXFileReference; lastKnownFileType = image.png; path = "initial@2x.png"; sourceTree = "<group>"; };
		FF11FCED1D4A528D00D70316 /* start page@2x.png */ = {isa = PBXFileReference; lastKnownFileType = image.png; path = "start page@2x.png"; sourceTree = "<group>"; };
/* End PBXFileReference section */

/* Begin PBXFrameworksBuildPhase section */
		A56A4F501D4906FC00A50483 /* Frameworks */ = {
			isa = PBXFrameworksBuildPhase;
			buildActionMask = 2147483647;
			files = (
			);
			runOnlyForDeploymentPostprocessing = 0;
		};
/* End PBXFrameworksBuildPhase section */

/* Begin PBXGroup section */
		A56A4F4A1D4906FC00A50483 = {
			isa = PBXGroup;
			children = (
				FF11FCE41D490DCB00D70316 /* Assets */,
				A56A4F551D4906FC00A50483 /* LiveCourse */,
				A56A4F541D4906FC00A50483 /* Products */,
			);
			sourceTree = "<group>";
		};
		A56A4F541D4906FC00A50483 /* Products */ = {
			isa = PBXGroup;
			children = (
				A56A4F531D4906FC00A50483 /* LiveCourse.app */,
			);
			name = Products;
			sourceTree = "<group>";
		};
		A56A4F551D4906FC00A50483 /* LiveCourse */ = {
			isa = PBXGroup;
			children = (
				A56A4F561D4906FC00A50483 /* AppDelegate.swift */,
				A56A4F581D4906FC00A50483 /* ViewController.swift */,
				A56A4F5A1D4906FC00A50483 /* Main.storyboard */,
				A56A4F731D4A7ADA00A50483 /* LoginController.swift */,
				A56A4F601D4906FC00A50483 /* Assets.xcassets */,
				A56A4F621D4906FC00A50483 /* LaunchScreen.storyboard */,
				A56A4F651D4906FC00A50483 /* Info.plist */,
				A56A4F5D1D4906FC00A50483 /* LiveCourse.xcdatamodeld */,
			);
			path = LiveCourse;
			sourceTree = "<group>";
		};
		FF11FCE41D490DCB00D70316 /* Assets */ = {
			isa = PBXGroup;
			children = (
				FF11FCEB1D4A528D00D70316 /* initial@1x.png */,
				A56A4F6B1D4A75DA00A50483 /* init_bg@2x.png */,
				FF11FCEC1D4A528D00D70316 /* initial@2x.png */,
				FF11FCED1D4A528D00D70316 /* start page@2x.png */,
				A56A4F6F1D4A774200A50483 /* start button@2x.png */,
			);
			name = Assets;
			sourceTree = "<group>";
		};
/* End PBXGroup section */

/* Begin PBXNativeTarget section */
		A56A4F521D4906FC00A50483 /* LiveCourse */ = {
			isa = PBXNativeTarget;
			buildConfigurationList = A56A4F681D4906FC00A50483 /* Build configuration list for PBXNativeTarget "LiveCourse" */;
			buildPhases = (
				A56A4F4F1D4906FC00A50483 /* Sources */,
				A56A4F501D4906FC00A50483 /* Frameworks */,
				A56A4F511D4906FC00A50483 /* Resources */,
			);
			buildRules = (
			);
			dependencies = (
			);
			name = LiveCourse;
			productName = LiveCourse;
			productReference = A56A4F531D4906FC00A50483 /* LiveCourse.app */;
			productType = "com.apple.product-type.application";
		};
/* End PBXNativeTarget section */

/* Begin PBXProject section */
		A56A4F4B1D4906FC00A50483 /* Project object */ = {
			isa = PBXProject;
			attributes = {
				LastSwiftUpdateCheck = 0720;
				LastUpgradeCheck = 0720;
				ORGANIZATIONNAME = lxt;
				TargetAttributes = {
					A56A4F521D4906FC00A50483 = {
						CreatedOnToolsVersion = 7.2;
						DevelopmentTeam = W9WBLYMKM6;
					};
				};
			};
			buildConfigurationList = A56A4F4E1D4906FC00A50483 /* Build configuration list for PBXProject "LiveCourse" */;
			compatibilityVersion = "Xcode 3.2";
			developmentRegion = English;
			hasScannedForEncodings = 0;
			knownRegions = (
				en,
				Base,
			);
			mainGroup = A56A4F4A1D4906FC00A50483;
			productRefGroup = A56A4F541D4906FC00A50483 /* Products */;
			projectDirPath = "";
			projectRoot = "";
			targets = (
				A56A4F521D4906FC00A50483 /* LiveCourse */,
			);
		};
/* End PBXProject section */

/* Begin PBXResourcesBuildPhase section */
		A56A4F511D4906FC00A50483 /* Resources */ = {
			isa = PBXResourcesBuildPhase;
			buildActionMask = 2147483647;
			files = (
				FF11FCEE1D4A528D00D70316 /* initial@1x.png in Resources */,
				A56A4F641D4906FC00A50483 /* LaunchScreen.storyboard in Resources */,
				A56A4F701D4A774200A50483 /* start button@2x.png in Resources */,
				A56A4F611D4906FC00A50483 /* Assets.xcassets in Resources */,
				A56A4F5C1D4906FC00A50483 /* Main.storyboard in Resources */,
				FF11FCEF1D4A528D00D70316 /* initial@2x.png in Resources */,
				FF11FCF01D4A528D00D70316 /* start page@2x.png in Resources */,
				A56A4F6C1D4A75DA00A50483 /* init_bg@2x.png in Resources */,
			);
			runOnlyForDeploymentPostprocessing = 0;
		};
/* End PBXResourcesBuildPhase section */

/* Begin PBXSourcesBuildPhase section */
		A56A4F4F1D4906FC00A50483 /* Sources */ = {
			isa = PBXSourcesBuildPhase;
			buildActionMask = 2147483647;
			files = (
				A56A4F591D4906FC00A50483 /* ViewController.swift in Sources */,
				A56A4F741D4A7ADA00A50483 /* LoginController.swift in Sources */,
				A56A4F571D4906FC00A50483 /* AppDelegate.swift in Sources */,
				A56A4F5F1D4906FC00A50483 /* LiveCourse.xcdatamodeld in Sources */,
			);
			runOnlyForDeploymentPostprocessing = 0;
		};
/* End PBXSourcesBuildPhase section */

/* Begin PBXVariantGroup section */
		A56A4F5A1D4906FC00A50483 /* Main.storyboard */ = {
			isa = PBXVariantGroup;
			children = (
				A56A4F5B1D4906FC00A50483 /* Base */,
			);
			name = Main.storyboard;
			sourceTree = "<group>";
		};
		A56A4F621D4906FC00A50483 /* LaunchScreen.storyboard */ = {
			isa = PBXVariantGroup;
			children = (
				A56A4F631D4906FC00A50483 /* Base */,
			);
			name = LaunchScreen.storyboard;
			sourceTree = "<group>";
		};
/* End PBXVariantGroup section */

/* Begin XCBuildConfiguration section */
		A56A4F661D4906FC00A50483 /* Debug */ = {
			isa = XCBuildConfiguration;
			buildSettings = {
				ALWAYS_SEARCH_USER_PATHS = NO;
				CLANG_CXX_LANGUAGE_STANDARD = "gnu++0x";
				CLANG_CXX_LIBRARY = "libc++";
				CLANG_ENABLE_MODULES = YES;
				CLANG_ENABLE_OBJC_ARC = YES;
				CLANG_WARN_BOOL_CONVERSION = YES;
				CLANG_WARN_CONSTANT_CONVERSION = YES;
				CLANG_WARN_DIRECT_OBJC_ISA_USAGE = YES_ERROR;
				CLANG_WARN_EMPTY_BODY = YES;
				CLANG_WARN_ENUM_CONVERSION = YES;
				CLANG_WARN_INT_CONVERSION = YES;
				CLANG_WARN_OBJC_ROOT_CLASS = YES_ERROR;
				CLANG_WARN_UNREACHABLE_CODE = YES;
				CLANG_WARN__DUPLICATE_METHOD_MATCH = YES;
				"CODE_SIGN_IDENTITY[sdk=iphoneos*]" = "iPhone Developer";
				COPY_PHASE_STRIP = NO;
				DEBUG_INFORMATION_FORMAT = dwarf;
				ENABLE_STRICT_OBJC_MSGSEND = YES;
				ENABLE_TESTABILITY = YES;
				GCC_C_LANGUAGE_STANDARD = gnu99;
				GCC_DYNAMIC_NO_PIC = NO;
				GCC_NO_COMMON_BLOCKS = YES;
				GCC_OPTIMIZATION_LEVEL = 0;
				GCC_PREPROCESSOR_DEFINITIONS = (
					"DEBUG=1",
					"$(inherited)",
				);
				GCC_WARN_64_TO_32_BIT_CONVERSION = YES;
				GCC_WARN_ABOUT_RETURN_TYPE = YES_ERROR;
				GCC_WARN_UNDECLARED_SELECTOR = YES;
				GCC_WARN_UNINITIALIZED_AUTOS = YES_AGGRESSIVE;
				GCC_WARN_UNUSED_FUNCTION = YES;
				GCC_WARN_UNUSED_VARIABLE = YES;
				IPHONEOS_DEPLOYMENT_TARGET = 9.2;
				MTL_ENABLE_DEBUG_INFO = YES;
				ONLY_ACTIVE_ARCH = YES;
				SDKROOT = iphoneos;
				SWIFT_OPTIMIZATION_LEVEL = "-Onone";
			};
			name = Debug;
		};
		A56A4F671D4906FC00A50483 /* Release */ = {
			isa = XCBuildConfiguration;
			buildSettings = {
				ALWAYS_SEARCH_USER_PATHS = NO;
				CLANG_CXX_LANGUAGE_STANDARD = "gnu++0x";
				CLANG_CXX_LIBRARY = "libc++";
				CLANG_ENABLE_MODULES = YES;
				CLANG_ENABLE_OBJC_ARC = YES;
				CLANG_WARN_BOOL_CONVERSION = YES;
				CLANG_WARN_CONSTANT_CONVERSION = YES;
				CLANG_WARN_DIRECT_OBJC_ISA_USAGE = YES_ERROR;
				CLANG_WARN_EMPTY_BODY = YES;
				CLANG_WARN_ENUM_CONVERSION = YES;
				CLANG_WARN_INT_CONVERSION = YES;
				CLANG_WARN_OBJC_ROOT_CLASS = YES_ERROR;
				CLANG_WARN_UNREACHABLE_CODE = YES;
				CLANG_WARN__DUPLICATE_METHOD_MATCH = YES;
				"CODE_SIGN_IDENTITY[sdk=iphoneos*]" = "iPhone Developer";
				COPY_PHASE_STRIP = NO;
				DEBUG_INFORMATION_FORMAT = "dwarf-with-dsym";
				ENABLE_NS_ASSERTIONS = NO;
				ENABLE_STRICT_OBJC_MSGSEND = YES;
				GCC_C_LANGUAGE_STANDARD = gnu99;
				GCC_NO_COMMON_BLOCKS = YES;
				GCC_WARN_64_TO_32_BIT_CONVERSION = YES;
				GCC_WARN_ABOUT_RETURN_TYPE = YES_ERROR;
				GCC_WARN_UNDECLARED_SELECTOR = YES;
				GCC_WARN_UNINITIALIZED_AUTOS = YES_AGGRESSIVE;
				GCC_WARN_UNUSED_FUNCTION = YES;
				GCC_WARN_UNUSED_VARIABLE = YES;
				IPHONEOS_DEPLOYMENT_TARGET = 9.2;
				MTL_ENABLE_DEBUG_INFO = NO;
				SDKROOT = iphoneos;
				VALIDATE_PRODUCT = YES;
			};
			name = Release;
		};
		A56A4F691D4906FC00A50483 /* Debug */ = {
			isa = XCBuildConfiguration;
			buildSettings = {
				ASSETCATALOG_COMPILER_APPICON_NAME = AppIcon;
				CODE_SIGN_IDENTITY = "iPhone Developer";
				"CODE_SIGN_IDENTITY[sdk=iphoneos*]" = "iPhone Developer";
				INFOPLIST_FILE = LiveCourse/Info.plist;
				IPHONEOS_DEPLOYMENT_TARGET = 9.0;
				LD_RUNPATH_SEARCH_PATHS = "$(inherited) @executable_path/Frameworks";
				PRODUCT_BUNDLE_IDENTIFIER = fangtian.me.LiveCourse;
				PRODUCT_NAME = "$(TARGET_NAME)";
				PROVISIONING_PROFILE = "";
			};
			name = Debug;
		};
		A56A4F6A1D4906FC00A50483 /* Release */ = {
			isa = XCBuildConfiguration;
			buildSettings = {
				ASSETCATALOG_COMPILER_APPICON_NAME = AppIcon;
				CODE_SIGN_IDENTITY = "iPhone Developer";
				"CODE_SIGN_IDENTITY[sdk=iphoneos*]" = "iPhone Developer";
				INFOPLIST_FILE = LiveCourse/Info.plist;
				IPHONEOS_DEPLOYMENT_TARGET = 9.0;
				LD_RUNPATH_SEARCH_PATHS = "$(inherited) @executable_path/Frameworks";
				PRODUCT_BUNDLE_IDENTIFIER = fangtian.me.LiveCourse;
				PRODUCT_NAME = "$(TARGET_NAME)";
				PROVISIONING_PROFILE = "";
			};
			name = Release;
		};
/* End XCBuildConfiguration section */

/* Begin XCConfigurationList section */
		A56A4F4E1D4906FC00A50483 /* Build configuration list for PBXProject "LiveCourse" */ = {
			isa = XCConfigurationList;
			buildConfigurations = (
				A56A4F661D4906FC00A50483 /* Debug */,
				A56A4F671D4906FC00A50483 /* Release */,
			);
			defaultConfigurationIsVisible = 0;
			defaultConfigurationName = Release;
		};
		A56A4F681D4906FC00A50483 /* Build configuration list for PBXNativeTarget "LiveCourse" */ = {
			isa = XCConfigurationList;
			buildConfigurations = (
				A56A4F691D4906FC00A50483 /* Debug */,
				A56A4F6A1D4906FC00A50483 /* Release */,
			);
			defaultConfigurationIsVisible = 0;
			defaultConfigurationName = Release;
		};
/* End XCConfigurationList section */

/* Begin XCVersionGroup section */
		A56A4F5D1D4906FC00A50483 /* LiveCourse.xcdatamodeld */ = {
			isa = XCVersionGroup;
			children = (
				A56A4F5E1D4906FC00A50483 /* LiveCourse.xcdatamodel */,
			);
			currentVersion = A56A4F5E1D4906FC00A50483 /* LiveCourse.xcdatamodel */;
			path = LiveCourse.xcdatamodeld;
			sourceTree = "<group>";
			versionGroupType = wrapper.xcdatamodel;
		};
/* End XCVersionGroup section */
	};
	rootObject = A56A4F4B1D4906FC00A50483 /* Project object */;
}
